
Microsoft Visual Studio Solution File, Format Version 12.00
# Visual Studio Version 17
VisualStudioVersion = 17.6.33717.318
MinimumVisualStudioVersion = 10.0.40219.1
Project("{8BC9CEB8-8B4A-11D0-8D11-00A0C91BC942}") = "POO_Laboratorio", "POO_Laboratorio\POO_Laboratorio.vcxproj", "{D35D0064-D1BB-41EE-8C37-1BC7295E4206}"
EndProject
Global
	GlobalSection(SolutionConfigurationPlatforms) = preSolution
		Debug|x64 = Debug|x64
		Debug|x86 = Debug|x86
		Release|x64 = Release|x64
		Release|x86 = Release|x86
	EndGlobalSection
	GlobalSection(ProjectConfigurationPlatforms) = postSolution
		{D35D0064-D1BB-41EE-8C37-1BC7295E4206}.Debug|x64.ActiveCfg = Debug|x64
		{D35D0064-D1BB-41EE-8C37-1BC7295E4206}.Debug|x64.Build.0 = Debug|x64
		{D35D0064-D1BB-41EE-8C37-1BC7295E4206}.Debug|x86.ActiveCfg = Debug|Win32
		{D35D0064-D1BB-41EE-8C37-1BC7295E4206}.Debug|x86.Build.0 = Debug|Win32
		{D35D0064-D1BB-41EE-8C37-1BC7295E4206}.Release|x64.ActiveCfg = Release|x64
		{D35D0064-D1BB-41EE-8C37-1BC7295E4206}.Release|x64.Build.0 = Release|x64
		{D35D0064-D1BB-41EE-8C37-1BC7295E4206}.Release|x86.ActiveCfg = Release|Win32
		{D35D0064-D1BB-41EE-8C37-1BC7295E4206}.Release|x86.Build.0 = Release|Win32
	EndGlobalSection
	GlobalSection(SolutionProperties) = preSolution
		HideSolutionNode = FALSE
	EndGlobalSection
	GlobalSection(ExtensibilityGlobals) = postSolution
		SolutionGuid = {CA257AC2-7318-4A0C-92F4-0AF395FAE0E4}
	EndGlobalSection
EndGlobal
